
Microsoft Visual Studio Solution File, Format Version 12.00
# Visual Studio Version 17
VisualStudioVersion = 17.8.34601.278
MinimumVisualStudioVersion = 10.0.40219.1
Project("{FAE04EC0-301F-11D3-BF4B-00C04F79EFBC}") = "Sessions", "Sessions\Sessions.csproj", "{013D2F24-3A9B-4201-8CE2-A9A43A240718}"
EndProject
Global
	GlobalSection(SolutionConfigurationPlatforms) = preSolution
		Debug|Any CPU = Debug|Any CPU
		Release|Any CPU = Release|Any CPU
	EndGlobalSection
	GlobalSection(ProjectConfigurationPlatforms) = postSolution
		{013D2F24-3A9B-4201-8CE2-A9A43A240718}.Debug|Any CPU.ActiveCfg = Debug|Any CPU
		{013D2F24-3A9B-4201-8CE2-A9A43A240718}.Debug|Any CPU.Build.0 = Debug|Any CPU
		{013D2F24-3A9B-4201-8CE2-A9A43A240718}.Release|Any CPU.ActiveCfg = Release|Any CPU
		{013D2F24-3A9B-4201-8CE2-A9A43A240718}.Release|Any CPU.Build.0 = Release|Any CPU
	EndGlobalSection
	GlobalSection(SolutionProperties) = preSolution
		HideSolutionNode = FALSE
	EndGlobalSection
	GlobalSection(ExtensibilityGlobals) = postSolution
		SolutionGuid = {F55E376A-3643-473A-9DC2-29BDE16A27AC}
	EndGlobalSection
EndGlobal
